
Microsoft Visual Studio Solution File, Format Version 12.00
# Visual Studio Version 17
VisualStudioVersion = 17.8.34408.163
MinimumVisualStudioVersion = 10.0.40219.1
Project("{FAE04EC0-301F-11D3-BF4B-00C04F79EFBC}") = "Esercizio Persone e studenti_OOP", "Esercizio Persone e studenti_OOP\Esercizio Persone e studenti_OOP.csproj", "{64C3E0F8-1072-41D9-B55F-6F2326E4480A}"
EndProject
Global
	GlobalSection(SolutionConfigurationPlatforms) = preSolution
		Debug|Any CPU = Debug|Any CPU
		Release|Any CPU = Release|Any CPU
	EndGlobalSection
	GlobalSection(ProjectConfigurationPlatforms) = postSolution
		{64C3E0F8-1072-41D9-B55F-6F2326E4480A}.Debug|Any CPU.ActiveCfg = Debug|Any CPU
		{64C3E0F8-1072-41D9-B55F-6F2326E4480A}.Debug|Any CPU.Build.0 = Debug|Any CPU
		{64C3E0F8-1072-41D9-B55F-6F2326E4480A}.Release|Any CPU.ActiveCfg = Release|Any CPU
		{64C3E0F8-1072-41D9-B55F-6F2326E4480A}.Release|Any CPU.Build.0 = Release|Any CPU
	EndGlobalSection
	GlobalSection(SolutionProperties) = preSolution
		HideSolutionNode = FALSE
	EndGlobalSection
	GlobalSection(ExtensibilityGlobals) = postSolution
		SolutionGuid = {D8C96D2B-56B7-4CCD-B6DA-AA21AA022110}
	EndGlobalSection
EndGlobal
